
Microsoft Visual Studio Solution File, Format Version 12.00
# Visual Studio Version 17
VisualStudioVersion = 17.0.32126.317
MinimumVisualStudioVersion = 10.0.40219.1
Project("{FAE04EC0-301F-11D3-BF4B-00C04F79EFBC}") = "PesoIdeal2.0", "PesoIdeal2.0\PesoIdeal2.0.csproj", "{2F22F733-3165-472C-A3A7-6D6E40759D63}"
EndProject
Global
	GlobalSection(SolutionConfigurationPlatforms) = preSolution
		Debug|Any CPU = Debug|Any CPU
		Release|Any CPU = Release|Any CPU
	EndGlobalSection
	GlobalSection(ProjectConfigurationPlatforms) = postSolution
		{2F22F733-3165-472C-A3A7-6D6E40759D63}.Debug|Any CPU.ActiveCfg = Debug|Any CPU
		{2F22F733-3165-472C-A3A7-6D6E40759D63}.Debug|Any CPU.Build.0 = Debug|Any CPU
		{2F22F733-3165-472C-A3A7-6D6E40759D63}.Release|Any CPU.ActiveCfg = Release|Any CPU
		{2F22F733-3165-472C-A3A7-6D6E40759D63}.Release|Any CPU.Build.0 = Release|Any CPU
	EndGlobalSection
	GlobalSection(SolutionProperties) = preSolution
		HideSolutionNode = FALSE
	EndGlobalSection
	GlobalSection(ExtensibilityGlobals) = postSolution
		SolutionGuid = {D32A715B-CC8D-4F44-A987-C7161BEF2481}
	EndGlobalSection
EndGlobal
